// !$*UTF8*$!
{
	archiveVersion = 1;
	classes = {
	};
	objectVersion = 46;
	objects = {

/* Begin PBXBuildFile section */
		B3C1FF1F1B160BE800E07FD5 /* ANEHelloWorld.h in CopyFiles */ = {isa = PBXBuildFile; fileRef = B3C1FF1E1B160BE800E07FD5 /* ANEHelloWorld.h */; };
		B3C1FF211B160BE800E07FD5 /* ANEHelloWorld.m in Sources */ = {isa = PBXBuildFile; fileRef = B3C1FF201B160BE800E07FD5 /* ANEHelloWorld.m */; };
		B3C1FF271B160BE800E07FD5 /* libANEHelloWorld.a in Frameworks */ = {isa = PBXBuildFile; fileRef = B3C1FF1B1B160BE800E07FD5 /* libANEHelloWorld.a */; };
/* End PBXBuildFile section */

/* Begin PBXContainerItemProxy section */
		B3C1FF281B160BE800E07FD5 /* PBXContainerItemProxy */ = {
			isa = PBXContainerItemProxy;
			containerPortal = B3C1FF131B160BE800E07FD5 /* Project object */;
			proxyType = 1;
			remoteGlobalIDString = B3C1FF1A1B160BE800E07FD5;
			remoteInfo = ANEHelloWorld;
		};
/* End PBXContainerItemProxy section */

/* Begin PBXCopyFilesBuildPhase section */
		B3C1FF191B160BE800E07FD5 /* CopyFiles */ = {
			isa = PBXCopyFilesBuildPhase;
			buildActionMask = 2147483647;
			dstPath = "include/$(PRODUCT_NAME)";
			dstSubfolderSpec = 16;
			files = (
				B3C1FF1F1B160BE800E07FD5 /* ANEHelloWorld.h in CopyFiles */,
			);
			runOnlyForDeploymentPostprocessing = 0;
		};
/* End PBXCopyFilesBuildPhase section */

/* Begin PBXFileReference section */
		B3C1FF1B1B160BE800E07FD5 /* libANEHelloWorld.a */ = {isa = PBXFileReference; explicitFileType = archive.ar; includeInIndex = 0; path = libANEHelloWorld.a; sourceTree = BUILT_PRODUCTS_DIR; };
		B3C1FF1E1B160BE800E07FD5 /* ANEHelloWorld.h */ = {isa = PBXFileReference; lastKnownFileType = sourcecode.c.h; path = ANEHelloWorld.h; sourceTree = "<group>"; };
		B3C1FF201B160BE800E07FD5 /* ANEHelloWorld.m */ = {isa = PBXFileReference; lastKnownFileType = sourcecode.c.objc; path = ANEHelloWorld.m; sourceTree = "<group>"; };
		B3C1FF261B160BE800E07FD5 /* ANEHelloWorldTests.xctest */ = {isa = PBXFileReference; explicitFileType = wrapper.cfbundle; includeInIndex = 0; path = ANEHelloWorldTests.xctest; sourceTree = BUILT_PRODUCTS_DIR; };
		B3C1FF2C1B160BE800E07FD5 /* Info.plist */ = {isa = PBXFileReference; lastKnownFileType = text.plist.xml; path = Info.plist; sourceTree = "<group>"; };
		B3C1FF351B160C3000E07FD5 /* FlashRuntimeExtensions.h */ = {isa = PBXFileReference; fileEncoding = 4; lastKnownFileType = sourcecode.c.h; path = FlashRuntimeExtensions.h; sourceTree = "<group>"; };
/* End PBXFileReference section */

/* Begin PBXFrameworksBuildPhase section */
		B3C1FF181B160BE800E07FD5 /* Frameworks */ = {
			isa = PBXFrameworksBuildPhase;
			buildActionMask = 2147483647;
			files = (
			);
			runOnlyForDeploymentPostprocessing = 0;
		};
		B3C1FF231B160BE800E07FD5 /* Frameworks */ = {
			isa = PBXFrameworksBuildPhase;
			buildActionMask = 2147483647;
			files = (
				B3C1FF271B160BE800E07FD5 /* libANEHelloWorld.a in Frameworks */,
			);
			runOnlyForDeploymentPostprocessing = 0;
		};
/* End PBXFrameworksBuildPhase section */

/* Begin PBXGroup section */
		B3C1FF121B160BE800E07FD5 = {
			isa = PBXGroup;
			children = (
				B3C1FF1D1B160BE800E07FD5 /* ANEHelloWorld */,
				B3C1FF2A1B160BE800E07FD5 /* ANEHelloWorldTests */,
				B3C1FF1C1B160BE800E07FD5 /* Products */,
			);
			sourceTree = "<group>";
		};
		B3C1FF1C1B160BE800E07FD5 /* Products */ = {
			isa = PBXGroup;
			children = (
				B3C1FF1B1B160BE800E07FD5 /* libANEHelloWorld.a */,
				B3C1FF261B160BE800E07FD5 /* ANEHelloWorldTests.xctest */,
			);
			name = Products;
			sourceTree = "<group>";
		};
		B3C1FF1D1B160BE800E07FD5 /* ANEHelloWorld */ = {
			isa = PBXGroup;
			children = (
				B3C1FF351B160C3000E07FD5 /* FlashRuntimeExtensions.h */,
				B3C1FF1E1B160BE800E07FD5 /* ANEHelloWorld.h */,
				B3C1FF201B160BE800E07FD5 /* ANEHelloWorld.m */,
			);
			path = ANEHelloWorld;
			sourceTree = "<group>";
		};
		B3C1FF2A1B160BE800E07FD5 /* ANEHelloWorldTests */ = {
			isa = PBXGroup;
			children = (
				B3C1FF2B1B160BE800E07FD5 /* Supporting Files */,
			);
			path = ANEHelloWorldTests;
			sourceTree = "<group>";
		};
		B3C1FF2B1B160BE800E07FD5 /* Supporting Files */ = {
			isa = PBXGroup;
			children = (
				B3C1FF2C1B160BE800E07FD5 /* Info.plist */,
			);
			name = "Supporting Files";
			sourceTree = "<group>";
		};
/* End PBXGroup section */

/* Begin PBXNativeTarget section */
		B3C1FF1A1B160BE800E07FD5 /* ANEHelloWorld */ = {
			isa = PBXNativeTarget;
			buildConfigurationList = B3C1FF2F1B160BE800E07FD5 /* Build configuration list for PBXNativeTarget "ANEHelloWorld" */;
			buildPhases = (
				B3C1FF171B160BE800E07FD5 /* Sources */,
				B3C1FF181B160BE800E07FD5 /* Frameworks */,
				B3C1FF191B160BE800E07FD5 /* CopyFiles */,
			);
			buildRules = (
			);
			dependencies = (
			);
			name = ANEHelloWorld;
			productName = ANEHelloWorld;
			productReference = B3C1FF1B1B160BE800E07FD5 /* libANEHelloWorld.a */;
			productType = "com.apple.product-type.library.static";
		};
		B3C1FF251B160BE800E07FD5 /* ANEHelloWorldTests */ = {
			isa = PBXNativeTarget;
			buildConfigurationList = B3C1FF321B160BE800E07FD5 /* Build configuration list for PBXNativeTarget "ANEHelloWorldTests" */;
			buildPhases = (
				B3C1FF221B160BE800E07FD5 /* Sources */,
				B3C1FF231B160BE800E07FD5 /* Frameworks */,
				B3C1FF241B160BE800E07FD5 /* Resources */,
			);
			buildRules = (
			);
			dependencies = (
				B3C1FF291B160BE800E07FD5 /* PBXTargetDependency */,
			);
			name = ANEHelloWorldTests;
			productName = ANEHelloWorldTests;
			productReference = B3C1FF261B160BE800E07FD5 /* ANEHelloWorldTests.xctest */;
			productType = "com.apple.product-type.bundle.unit-test";
		};
/* End PBXNativeTarget section */

/* Begin PBXProject section */
		B3C1FF131B160BE800E07FD5 /* Project object */ = {
			isa = PBXProject;
			attributes = {
				LastUpgradeCheck = 0630;
				ORGANIZATIONNAME = moremorefor;
				TargetAttributes = {
					B3C1FF1A1B160BE800E07FD5 = {
						CreatedOnToolsVersion = 6.3.2;
					};
					B3C1FF251B160BE800E07FD5 = {
						CreatedOnToolsVersion = 6.3.2;
					};
				};
			};
			buildConfigurationList = B3C1FF161B160BE800E07FD5 /* Build configuration list for PBXProject "ANEHelloWorld" */;
			compatibilityVersion = "Xcode 3.2";
			developmentRegion = English;
			hasScannedForEncodings = 0;
			knownRegions = (
				en,
			);
			mainGroup = B3C1FF121B160BE800E07FD5;
			productRefGroup = B3C1FF1C1B160BE800E07FD5 /* Products */;
			projectDirPath = "";
			projectRoot = "";
			targets = (
				B3C1FF1A1B160BE800E07FD5 /* ANEHelloWorld */,
				B3C1FF251B160BE800E07FD5 /* ANEHelloWorldTests */,
			);
		};
/* End PBXProject section */

/* Begin PBXResourcesBuildPhase section */
		B3C1FF241B160BE800E07FD5 /* Resources */ = {
			isa = PBXResourcesBuildPhase;
			buildActionMask = 2147483647;
			files = (
			);
			runOnlyForDeploymentPostprocessing = 0;
		};
/* End PBXResourcesBuildPhase section */

/* Begin PBXSourcesBuildPhase section */
		B3C1FF171B160BE800E07FD5 /* Sources */ = {
			isa = PBXSourcesBuildPhase;
			buildActionMask = 2147483647;
			files = (
				B3C1FF211B160BE800E07FD5 /* ANEHelloWorld.m in Sources */,
			);
			runOnlyForDeploymentPostprocessing = 0;
		};
		B3C1FF221B160BE800E07FD5 /* Sources */ = {
			isa = PBXSourcesBuildPhase;
			buildActionMask = 2147483647;
			files = (
			);
			runOnlyForDeploymentPostprocessing = 0;
		};
/* End PBXSourcesBuildPhase section */

/* Begin PBXTargetDependency section */
		B3C1FF291B160BE800E07FD5 /* PBXTargetDependency */ = {
			isa = PBXTargetDependency;
			target = B3C1FF1A1B160BE800E07FD5 /* ANEHelloWorld */;
			targetProxy = B3C1FF281B160BE800E07FD5 /* PBXContainerItemProxy */;
		};
/* End PBXTargetDependency section */

/* Begin XCBuildConfiguration section */
		B3C1FF2D1B160BE800E07FD5 /* Debug */ = {
			isa = XCBuildConfiguration;
			buildSettings = {
				ALWAYS_SEARCH_USER_PATHS = NO;
				CLANG_CXX_LANGUAGE_STANDARD = "gnu++0x";
				CLANG_CXX_LIBRARY = "libc++";
				CLANG_ENABLE_MODULES = YES;
				CLANG_ENABLE_OBJC_ARC = YES;
				CLANG_WARN_BOOL_CONVERSION = YES;
				CLANG_WARN_CONSTANT_CONVERSION = YES;
				CLANG_WARN_DIRECT_OBJC_ISA_USAGE = YES_ERROR;
				CLANG_WARN_EMPTY_BODY = YES;
				CLANG_WARN_ENUM_CONVERSION = YES;
				CLANG_WARN_INT_CONVERSION = YES;
				CLANG_WARN_OBJC_ROOT_CLASS = YES_ERROR;
				CLANG_WARN_UNREACHABLE_CODE = YES;
				CLANG_WARN__DUPLICATE_METHOD_MATCH = YES;
				COPY_PHASE_STRIP = NO;
				DEBUG_INFORMATION_FORMAT = "dwarf-with-dsym";
				ENABLE_STRICT_OBJC_MSGSEND = YES;
				GCC_C_LANGUAGE_STANDARD = gnu99;
				GCC_DYNAMIC_NO_PIC = NO;
				GCC_NO_COMMON_BLOCKS = YES;
				GCC_OPTIMIZATION_LEVEL = 0;
				GCC_PREPROCESSOR_DEFINITIONS = (
					"DEBUG=1",
					"$(inherited)",
				);
				GCC_SYMBOLS_PRIVATE_EXTERN = NO;
				GCC_WARN_64_TO_32_BIT_CONVERSION = YES;
				GCC_WARN_ABOUT_RETURN_TYPE = YES_ERROR;
				GCC_WARN_UNDECLARED_SELECTOR = YES;
				GCC_WARN_UNINITIALIZED_AUTOS = YES_AGGRESSIVE;
				GCC_WARN_UNUSED_FUNCTION = YES;
				GCC_WARN_UNUSED_VARIABLE = YES;
				IPHONEOS_DEPLOYMENT_TARGET = 8.3;
				MTL_ENABLE_DEBUG_INFO = YES;
				ONLY_ACTIVE_ARCH = YES;
				SDKROOT = iphoneos;
			};
			name = Debug;
		};
		B3C1FF2E1B160BE800E07FD5 /* Release */ = {
			isa = XCBuildConfiguration;
			buildSettings = {
				ALWAYS_SEARCH_USER_PATHS = NO;
				CLANG_CXX_LANGUAGE_STANDARD = "gnu++0x";
				CLANG_CXX_LIBRARY = "libc++";
				CLANG_ENABLE_MODULES = YES;
				CLANG_ENABLE_OBJC_ARC = YES;
				CLANG_WARN_BOOL_CONVERSION = YES;
				CLANG_WARN_CONSTANT_CONVERSION = YES;
				CLANG_WARN_DIRECT_OBJC_ISA_USAGE = YES_ERROR;
				CLANG_WARN_EMPTY_BODY = YES;
				CLANG_WARN_ENUM_CONVERSION = YES;
				CLANG_WARN_INT_CONVERSION = YES;
				CLANG_WARN_OBJC_ROOT_CLASS = YES_ERROR;
				CLANG_WARN_UNREACHABLE_CODE = YES;
				CLANG_WARN__DUPLICATE_METHOD_MATCH = YES;
				COPY_PHASE_STRIP = NO;
				DEBUG_INFORMATION_FORMAT = "dwarf-with-dsym";
				ENABLE_NS_ASSERTIONS = NO;
				ENABLE_STRICT_OBJC_MSGSEND = YES;
				GCC_C_LANGUAGE_STANDARD = gnu99;
				GCC_NO_COMMON_BLOCKS = YES;
				GCC_WARN_64_TO_32_BIT_CONVERSION = YES;
				GCC_WARN_ABOUT_RETURN_TYPE = YES_ERROR;
				GCC_WARN_UNDECLARED_SELECTOR = YES;
				GCC_WARN_UNINITIALIZED_AUTOS = YES_AGGRESSIVE;
				GCC_WARN_UNUSED_FUNCTION = YES;
				GCC_WARN_UNUSED_VARIABLE = YES;
				IPHONEOS_DEPLOYMENT_TARGET = 8.3;
				MTL_ENABLE_DEBUG_INFO = NO;
				SDKROOT = iphoneos;
				VALIDATE_PRODUCT = YES;
			};
			name = Release;
		};
		B3C1FF301B160BE800E07FD5 /* Debug */ = {
			isa = XCBuildConfiguration;
			buildSettings = {
				ARCHS = (
					armv7,
					arm64,
					i386,
					x86_64,
				);
				OTHER_LDFLAGS = "-ObjC";
				PRODUCT_NAME = "$(TARGET_NAME)";
				SKIP_INSTALL = YES;
				VALID_ARCHS = "arm64 armv7 armv7s i386 x86_64";
			};
			name = Debug;
		};
		B3C1FF311B160BE800E07FD5 /* Release */ = {
			isa = XCBuildConfiguration;
			buildSettings = {
				ARCHS = (
					armv7,
					arm64,
					i386,
					x86_64,
				);
				OTHER_LDFLAGS = "-ObjC";
				PRODUCT_NAME = "$(TARGET_NAME)";
				SKIP_INSTALL = YES;
				VALID_ARCHS = "arm64 armv7 armv7s i386 x86_64";
			};
			name = Release;
		};
		B3C1FF331B160BE800E07FD5 /* Debug */ = {
			isa = XCBuildConfiguration;
			buildSettings = {
				"CODE_SIGN_IDENTITY[sdk=iphoneos*]" = "iPhone Developer";
				FRAMEWORK_SEARCH_PATHS = (
					"$(SDKROOT)/Developer/Library/Frameworks",
					"$(inherited)",
				);
				GCC_PREPROCESSOR_DEFINITIONS = (
					"DEBUG=1",
					"$(inherited)",
				);
				INFOPLIST_FILE = ANEHelloWorldTests/Info.plist;
				LD_RUNPATH_SEARCH_PATHS = "$(inherited) @executable_path/Frameworks @loader_path/Frameworks";
				PRODUCT_NAME = "$(TARGET_NAME)";
			};
			name = Debug;
		};
		B3C1FF341B160BE800E07FD5 /* Release */ = {
			isa = XCBuildConfiguration;
			buildSettings = {
				"CODE_SIGN_IDENTITY[sdk=iphoneos*]" = "iPhone Developer";
				FRAMEWORK_SEARCH_PATHS = (
					"$(SDKROOT)/Developer/Library/Frameworks",
					"$(inherited)",
				);
				INFOPLIST_FILE = ANEHelloWorldTests/Info.plist;
				LD_RUNPATH_SEARCH_PATHS = "$(inherited) @executable_path/Frameworks @loader_path/Frameworks";
				PRODUCT_NAME = "$(TARGET_NAME)";
			};
			name = Release;
		};
/* End XCBuildConfiguration section */

/* Begin XCConfigurationList section */
		B3C1FF161B160BE800E07FD5 /* Build configuration list for PBXProject "ANEHelloWorld" */ = {
			isa = XCConfigurationList;
			buildConfigurations = (
				B3C1FF2D1B160BE800E07FD5 /* Debug */,
				B3C1FF2E1B160BE800E07FD5 /* Release */,
			);
			defaultConfigurationIsVisible = 0;
			defaultConfigurationName = Release;
		};
		B3C1FF2F1B160BE800E07FD5 /* Build configuration list for PBXNativeTarget "ANEHelloWorld" */ = {
			isa = XCConfigurationList;
			buildConfigurations = (
				B3C1FF301B160BE800E07FD5 /* Debug */,
				B3C1FF311B160BE800E07FD5 /* Release */,
			);
			defaultConfigurationIsVisible = 0;
			defaultConfigurationName = Release;
		};
		B3C1FF321B160BE800E07FD5 /* Build configuration list for PBXNativeTarget "ANEHelloWorldTests" */ = {
			isa = XCConfigurationList;
			buildConfigurations = (
				B3C1FF331B160BE800E07FD5 /* Debug */,
				B3C1FF341B160BE800E07FD5 /* Release */,
			);
			defaultConfigurationIsVisible = 0;
			defaultConfigurationName = Release;
		};
/* End XCConfigurationList section */
	};
	rootObject = B3C1FF131B160BE800E07FD5 /* Project object */;
}
